
Microsoft Visual Studio Solution File, Format Version 11.00
# Visual Studio 2010
Project("{8BC9CEB8-8B4A-11D0-8D11-00A0C91BC942}") = "data_structure", "data_structure\data_structure.vcxproj", "{BE78D2FF-99B6-45F6-90B8-60FDCF62B9FC}"
EndProject
Project("{8BC9CEB8-8B4A-11D0-8D11-00A0C91BC942}") = "Dstructure", "Dstructure\Dstructure.vcxproj", "{AC2F00E8-C2EE-4D32-9A66-AD10F1447CF6}"
EndProject
Project("{8BC9CEB8-8B4A-11D0-8D11-00A0C91BC942}") = "DesignPatten", "DesignPatten\DesignPatten.vcxproj", "{F792C044-5A5E-44D3-94A6-1433E2BD1BBB}"
EndProject
Project("{8BC9CEB8-8B4A-11D0-8D11-00A0C91BC942}") = "CSort", "CSort\CSort.vcxproj", "{A8255749-3605-4948-8DA7-001A36CB8F89}"
EndProject
Global
	GlobalSection(SolutionConfigurationPlatforms) = preSolution
		Debug|Win32 = Debug|Win32
		Release|Win32 = Release|Win32
	EndGlobalSection
	GlobalSection(ProjectConfigurationPlatforms) = postSolution
		{BE78D2FF-99B6-45F6-90B8-60FDCF62B9FC}.Debug|Win32.ActiveCfg = Debug|Win32
		{BE78D2FF-99B6-45F6-90B8-60FDCF62B9FC}.Debug|Win32.Build.0 = Debug|Win32
		{BE78D2FF-99B6-45F6-90B8-60FDCF62B9FC}.Release|Win32.ActiveCfg = Release|Win32
		{BE78D2FF-99B6-45F6-90B8-60FDCF62B9FC}.Release|Win32.Build.0 = Release|Win32
		{AC2F00E8-C2EE-4D32-9A66-AD10F1447CF6}.Debug|Win32.ActiveCfg = Debug|Win32
		{AC2F00E8-C2EE-4D32-9A66-AD10F1447CF6}.Debug|Win32.Build.0 = Debug|Win32
		{AC2F00E8-C2EE-4D32-9A66-AD10F1447CF6}.Release|Win32.ActiveCfg = Release|Win32
		{AC2F00E8-C2EE-4D32-9A66-AD10F1447CF6}.Release|Win32.Build.0 = Release|Win32
		{F792C044-5A5E-44D3-94A6-1433E2BD1BBB}.Debug|Win32.ActiveCfg = Debug|Win32
		{F792C044-5A5E-44D3-94A6-1433E2BD1BBB}.Debug|Win32.Build.0 = Debug|Win32
		{F792C044-5A5E-44D3-94A6-1433E2BD1BBB}.Release|Win32.ActiveCfg = Release|Win32
		{F792C044-5A5E-44D3-94A6-1433E2BD1BBB}.Release|Win32.Build.0 = Release|Win32
		{A8255749-3605-4948-8DA7-001A36CB8F89}.Debug|Win32.ActiveCfg = Debug|Win32
		{A8255749-3605-4948-8DA7-001A36CB8F89}.Debug|Win32.Build.0 = Debug|Win32
		{A8255749-3605-4948-8DA7-001A36CB8F89}.Release|Win32.ActiveCfg = Release|Win32
		{A8255749-3605-4948-8DA7-001A36CB8F89}.Release|Win32.Build.0 = Release|Win32
	EndGlobalSection
	GlobalSection(SolutionProperties) = preSolution
		HideSolutionNode = FALSE
	EndGlobalSection
EndGlobal
